
Microsoft Visual Studio Solution File, Format Version 12.00
# Visual Studio Version 17
VisualStudioVersion = 17.9.34723.18
MinimumVisualStudioVersion = 10.0.40219.1
Project("{9A19103F-16F7-4668-BE54-9A1E7A4F7556}") = "HK.AdminPanel.WebUI", "HK.AdminPanel.WebUI\HK.AdminPanel.WebUI.csproj", "{08E9B0A0-70BF-4AF3-81C4-183E69A72236}"
EndProject
Project("{2150E333-8FDC-42A3-9474-1A3956D46DE8}") = "Docs", "Docs", "{FDBF8AF0-D172-47E8-9532-0CF7925D1A8E}"
	ProjectSection(SolutionItems) = preProject
		SampleCode.txt = SampleCode.txt
	EndProjectSection
EndProject
Global
	GlobalSection(SolutionConfigurationPlatforms) = preSolution
		Debug|Any CPU = Debug|Any CPU
		Release|Any CPU = Release|Any CPU
	EndGlobalSection
	GlobalSection(ProjectConfigurationPlatforms) = postSolution
		{08E9B0A0-70BF-4AF3-81C4-183E69A72236}.Debug|Any CPU.ActiveCfg = Debug|Any CPU
		{08E9B0A0-70BF-4AF3-81C4-183E69A72236}.Debug|Any CPU.Build.0 = Debug|Any CPU
		{08E9B0A0-70BF-4AF3-81C4-183E69A72236}.Release|Any CPU.ActiveCfg = Release|Any CPU
		{08E9B0A0-70BF-4AF3-81C4-183E69A72236}.Release|Any CPU.Build.0 = Release|Any CPU
	EndGlobalSection
	GlobalSection(SolutionProperties) = preSolution
		HideSolutionNode = FALSE
	EndGlobalSection
	GlobalSection(ExtensibilityGlobals) = postSolution
		SolutionGuid = {609DF054-0541-4135-BC78-4D3D2A6483C5}
	EndGlobalSection
EndGlobal
